
Microsoft Visual Studio Solution File, Format Version 12.00
# Visual Studio Version 17
VisualStudioVersion = 17.14.36414.22 d17.14
MinimumVisualStudioVersion = 10.0.40219.1
Project("{FAE04EC0-301F-11D3-BF4B-00C04F79EFBC}") = "Lab rab 1 Safin R. R. БПИ-23-02", "Lab rab 1 Safin R. R. БПИ-23-02\Lab rab 1 Safin R. R. БПИ-23-02.csproj", "{25F0A2F3-CD93-4A86-AF76-3DF9B277E5D0}"
EndProject
Global
	GlobalSection(SolutionConfigurationPlatforms) = preSolution
		Debug|Any CPU = Debug|Any CPU
		Release|Any CPU = Release|Any CPU
	EndGlobalSection
	GlobalSection(ProjectConfigurationPlatforms) = postSolution
		{25F0A2F3-CD93-4A86-AF76-3DF9B277E5D0}.Debug|Any CPU.ActiveCfg = Debug|Any CPU
		{25F0A2F3-CD93-4A86-AF76-3DF9B277E5D0}.Debug|Any CPU.Build.0 = Debug|Any CPU
		{25F0A2F3-CD93-4A86-AF76-3DF9B277E5D0}.Release|Any CPU.ActiveCfg = Release|Any CPU
		{25F0A2F3-CD93-4A86-AF76-3DF9B277E5D0}.Release|Any CPU.Build.0 = Release|Any CPU
	EndGlobalSection
	GlobalSection(SolutionProperties) = preSolution
		HideSolutionNode = FALSE
	EndGlobalSection
	GlobalSection(ExtensibilityGlobals) = postSolution
		SolutionGuid = {3AAA08E9-B373-4AEF-A776-EF6F188FA926}
	EndGlobalSection
EndGlobal
